
Microsoft Visual Studio Solution File, Format Version 12.00
# Visual Studio Version 17
VisualStudioVersion = 17.5.33424.131
MinimumVisualStudioVersion = 10.0.40219.1
Project("{FAE04EC0-301F-11D3-BF4B-00C04F79EFBC}") = "MongoDB", "MongoDB\MongoDB.csproj", "{F9820192-A5D8-4FF4-B120-6C4B8F005D26}"
EndProject
Global
	GlobalSection(SolutionConfigurationPlatforms) = preSolution
		Debug|Any CPU = Debug|Any CPU
		Release|Any CPU = Release|Any CPU
	EndGlobalSection
	GlobalSection(ProjectConfigurationPlatforms) = postSolution
		{F9820192-A5D8-4FF4-B120-6C4B8F005D26}.Debug|Any CPU.ActiveCfg = Debug|Any CPU
		{F9820192-A5D8-4FF4-B120-6C4B8F005D26}.Debug|Any CPU.Build.0 = Debug|Any CPU
		{F9820192-A5D8-4FF4-B120-6C4B8F005D26}.Release|Any CPU.ActiveCfg = Release|Any CPU
		{F9820192-A5D8-4FF4-B120-6C4B8F005D26}.Release|Any CPU.Build.0 = Release|Any CPU
	EndGlobalSection
	GlobalSection(SolutionProperties) = preSolution
		HideSolutionNode = FALSE
	EndGlobalSection
	GlobalSection(ExtensibilityGlobals) = postSolution
		SolutionGuid = {3E4E6B87-28F2-4953-B7A9-FE1E88DB4CD6}
	EndGlobalSection
EndGlobal
