
Microsoft Visual Studio Solution File, Format Version 12.00
# Visual Studio Version 17
VisualStudioVersion = 17.7.34202.233
MinimumVisualStudioVersion = 10.0.40219.1
Project("{FAE04EC0-301F-11D3-BF4B-00C04F79EFBC}") = "Ejercicio 3", "Ejercicio 3\Ejercicio 3.csproj", "{2BDB3873-77CF-413F-A6CF-D70DC4B990DD}"
EndProject
Global
	GlobalSection(SolutionConfigurationPlatforms) = preSolution
		Debug|Any CPU = Debug|Any CPU
		Release|Any CPU = Release|Any CPU
	EndGlobalSection
	GlobalSection(ProjectConfigurationPlatforms) = postSolution
		{2BDB3873-77CF-413F-A6CF-D70DC4B990DD}.Debug|Any CPU.ActiveCfg = Debug|Any CPU
		{2BDB3873-77CF-413F-A6CF-D70DC4B990DD}.Debug|Any CPU.Build.0 = Debug|Any CPU
		{2BDB3873-77CF-413F-A6CF-D70DC4B990DD}.Release|Any CPU.ActiveCfg = Release|Any CPU
		{2BDB3873-77CF-413F-A6CF-D70DC4B990DD}.Release|Any CPU.Build.0 = Release|Any CPU
	EndGlobalSection
	GlobalSection(SolutionProperties) = preSolution
		HideSolutionNode = FALSE
	EndGlobalSection
	GlobalSection(ExtensibilityGlobals) = postSolution
		SolutionGuid = {2CE06AF3-3CFD-49B4-A201-DBF9BEE83982}
	EndGlobalSection
EndGlobal
