
Microsoft Visual Studio Solution File, Format Version 12.00
# Visual Studio Version 17
VisualStudioVersion = 17.5.33424.131
MinimumVisualStudioVersion = 10.0.40219.1
Project("{FAE04EC0-301F-11D3-BF4B-00C04F79EFBC}") = "Ejercicio 08", "Ejercicio 08\Ejercicio 08.csproj", "{68DE91BB-98B7-4A15-9E2C-5279B77CAB4D}"
EndProject
Global
	GlobalSection(SolutionConfigurationPlatforms) = preSolution
		Debug|Any CPU = Debug|Any CPU
		Release|Any CPU = Release|Any CPU
	EndGlobalSection
	GlobalSection(ProjectConfigurationPlatforms) = postSolution
		{68DE91BB-98B7-4A15-9E2C-5279B77CAB4D}.Debug|Any CPU.ActiveCfg = Debug|Any CPU
		{68DE91BB-98B7-4A15-9E2C-5279B77CAB4D}.Debug|Any CPU.Build.0 = Debug|Any CPU
		{68DE91BB-98B7-4A15-9E2C-5279B77CAB4D}.Release|Any CPU.ActiveCfg = Release|Any CPU
		{68DE91BB-98B7-4A15-9E2C-5279B77CAB4D}.Release|Any CPU.Build.0 = Release|Any CPU
	EndGlobalSection
	GlobalSection(SolutionProperties) = preSolution
		HideSolutionNode = FALSE
	EndGlobalSection
	GlobalSection(ExtensibilityGlobals) = postSolution
		SolutionGuid = {EE79380C-BAC3-41D2-822D-2DF6C73AF902}
	EndGlobalSection
EndGlobal
