
Microsoft Visual Studio Solution File, Format Version 12.00
# Visual Studio Version 17
VisualStudioVersion = 17.5.33424.131
MinimumVisualStudioVersion = 10.0.40219.1
Project("{FAE04EC0-301F-11D3-BF4B-00C04F79EFBC}") = "Ejercicio 12", "Ejercicio 12\Ejercicio 12.csproj", "{D3BA477B-44B3-40D3-96F6-7CBAF4D13390}"
EndProject
Global
	GlobalSection(SolutionConfigurationPlatforms) = preSolution
		Debug|Any CPU = Debug|Any CPU
		Release|Any CPU = Release|Any CPU
	EndGlobalSection
	GlobalSection(ProjectConfigurationPlatforms) = postSolution
		{D3BA477B-44B3-40D3-96F6-7CBAF4D13390}.Debug|Any CPU.ActiveCfg = Debug|Any CPU
		{D3BA477B-44B3-40D3-96F6-7CBAF4D13390}.Debug|Any CPU.Build.0 = Debug|Any CPU
		{D3BA477B-44B3-40D3-96F6-7CBAF4D13390}.Release|Any CPU.ActiveCfg = Release|Any CPU
		{D3BA477B-44B3-40D3-96F6-7CBAF4D13390}.Release|Any CPU.Build.0 = Release|Any CPU
	EndGlobalSection
	GlobalSection(SolutionProperties) = preSolution
		HideSolutionNode = FALSE
	EndGlobalSection
	GlobalSection(ExtensibilityGlobals) = postSolution
		SolutionGuid = {F9702261-CAAE-4C26-BA3E-9FD497517ADE}
	EndGlobalSection
EndGlobal
