
Microsoft Visual Studio Solution File, Format Version 12.00
# Visual Studio Version 17
VisualStudioVersion = 17.5.33424.131
MinimumVisualStudioVersion = 10.0.40219.1
Project("{FAE04EC0-301F-11D3-BF4B-00C04F79EFBC}") = "Ejercicio 14", "Ejercicio 14\Ejercicio 14.csproj", "{E10A664F-0BC0-4A81-8712-B6014CBEECBB}"
EndProject
Global
	GlobalSection(SolutionConfigurationPlatforms) = preSolution
		Debug|Any CPU = Debug|Any CPU
		Release|Any CPU = Release|Any CPU
	EndGlobalSection
	GlobalSection(ProjectConfigurationPlatforms) = postSolution
		{E10A664F-0BC0-4A81-8712-B6014CBEECBB}.Debug|Any CPU.ActiveCfg = Debug|Any CPU
		{E10A664F-0BC0-4A81-8712-B6014CBEECBB}.Debug|Any CPU.Build.0 = Debug|Any CPU
		{E10A664F-0BC0-4A81-8712-B6014CBEECBB}.Release|Any CPU.ActiveCfg = Release|Any CPU
		{E10A664F-0BC0-4A81-8712-B6014CBEECBB}.Release|Any CPU.Build.0 = Release|Any CPU
	EndGlobalSection
	GlobalSection(SolutionProperties) = preSolution
		HideSolutionNode = FALSE
	EndGlobalSection
	GlobalSection(ExtensibilityGlobals) = postSolution
		SolutionGuid = {4669103C-435C-4097-988E-496C43070C2D}
	EndGlobalSection
EndGlobal
