
Microsoft Visual Studio Solution File, Format Version 12.00
# Visual Studio Version 17
VisualStudioVersion = 17.5.33424.131
MinimumVisualStudioVersion = 10.0.40219.1
Project("{FAE04EC0-301F-11D3-BF4B-00C04F79EFBC}") = "Ejercicio 11", "Ejercicio 11\Ejercicio 11.csproj", "{69B378C3-FC2A-4146-89D2-354F75EF3F0E}"
EndProject
Global
	GlobalSection(SolutionConfigurationPlatforms) = preSolution
		Debug|Any CPU = Debug|Any CPU
		Release|Any CPU = Release|Any CPU
	EndGlobalSection
	GlobalSection(ProjectConfigurationPlatforms) = postSolution
		{69B378C3-FC2A-4146-89D2-354F75EF3F0E}.Debug|Any CPU.ActiveCfg = Debug|Any CPU
		{69B378C3-FC2A-4146-89D2-354F75EF3F0E}.Debug|Any CPU.Build.0 = Debug|Any CPU
		{69B378C3-FC2A-4146-89D2-354F75EF3F0E}.Release|Any CPU.ActiveCfg = Release|Any CPU
		{69B378C3-FC2A-4146-89D2-354F75EF3F0E}.Release|Any CPU.Build.0 = Release|Any CPU
	EndGlobalSection
	GlobalSection(SolutionProperties) = preSolution
		HideSolutionNode = FALSE
	EndGlobalSection
	GlobalSection(ExtensibilityGlobals) = postSolution
		SolutionGuid = {B9D32D52-34FD-4126-9072-6C3E2D8974BE}
	EndGlobalSection
EndGlobal
