
Microsoft Visual Studio Solution File, Format Version 12.00
# Visual Studio Version 17
VisualStudioVersion = 17.8.34511.84
MinimumVisualStudioVersion = 10.0.40219.1
Project("{FAE04EC0-301F-11D3-BF4B-00C04F79EFBC}") = "WindowsFormsApp1", "WindowsFormsApp1\WindowsFormsApp1.csproj", "{BE18A988-A901-4A2E-89E0-15513AD17F85}"
EndProject
Global
	GlobalSection(SolutionConfigurationPlatforms) = preSolution
		Debug|Any CPU = Debug|Any CPU
		Release|Any CPU = Release|Any CPU
	EndGlobalSection
	GlobalSection(ProjectConfigurationPlatforms) = postSolution
		{BE18A988-A901-4A2E-89E0-15513AD17F85}.Debug|Any CPU.ActiveCfg = Debug|Any CPU
		{BE18A988-A901-4A2E-89E0-15513AD17F85}.Debug|Any CPU.Build.0 = Debug|Any CPU
		{BE18A988-A901-4A2E-89E0-15513AD17F85}.Release|Any CPU.ActiveCfg = Release|Any CPU
		{BE18A988-A901-4A2E-89E0-15513AD17F85}.Release|Any CPU.Build.0 = Release|Any CPU
	EndGlobalSection
	GlobalSection(SolutionProperties) = preSolution
		HideSolutionNode = FALSE
	EndGlobalSection
	GlobalSection(ExtensibilityGlobals) = postSolution
		SolutionGuid = {B0FC22D9-4AB1-4D3F-B221-1CFD3B5C6EE2}
	EndGlobalSection
EndGlobal
